// !$*UTF8*$!
{
	archiveVersion = 1;
	classes = {
	};
	objectVersion = 56;
	objects = {

/* Begin PBXBuildFile section */
		6D7349E2C52EBDAE3A7E3C24 /* Pods_3m_8hw.framework in Frameworks */ = {isa = PBXBuildFile; fileRef = 6031E42F89C817490548874E /* Pods_3m_8hw.framework */; };
		7C9B94EF2A35897400DE247B /* AppDelegate.swift in Sources */ = {isa = PBXBuildFile; fileRef = 7C9B94EE2A35897400DE247B /* AppDelegate.swift */; };
		7C9B94F12A35897400DE247B /* SceneDelegate.swift in Sources */ = {isa = PBXBuildFile; fileRef = 7C9B94F02A35897400DE247B /* SceneDelegate.swift */; };
		7C9B94F32A35897400DE247B /* ViewController.swift in Sources */ = {isa = PBXBuildFile; fileRef = 7C9B94F22A35897400DE247B /* ViewController.swift */; };
		7C9B94F82A35897500DE247B /* Assets.xcassets in Resources */ = {isa = PBXBuildFile; fileRef = 7C9B94F72A35897500DE247B /* Assets.xcassets */; };
		7C9B94FB2A35897500DE247B /* LaunchScreen.storyboard in Resources */ = {isa = PBXBuildFile; fileRef = 7C9B94F92A35897500DE247B /* LaunchScreen.storyboard */; };
		7C9B95032A358EB200DE247B /* menu.swift in Sources */ = {isa = PBXBuildFile; fileRef = 7C9B95022A358EB200DE247B /* menu.swift */; };
		7C9B95052A358F3F00DE247B /* TableViewCell.swift in Sources */ = {isa = PBXBuildFile; fileRef = 7C9B95042A358F3F00DE247B /* TableViewCell.swift */; };
		7C9B95082A35901300DE247B /* AddViewController.swift in Sources */ = {isa = PBXBuildFile; fileRef = 7C9B95072A35901300DE247B /* AddViewController.swift */; };
		7C9B950A2A35904800DE247B /* SearchViewController.swift in Sources */ = {isa = PBXBuildFile; fileRef = 7C9B95092A35904800DE247B /* SearchViewController.swift */; };
/* End PBXBuildFile section */

/* Begin PBXFileReference section */
		5358476989C6A6D8914F6604 /* Pods-3m.8hw.release.xcconfig */ = {isa = PBXFileReference; includeInIndex = 1; lastKnownFileType = text.xcconfig; name = "Pods-3m.8hw.release.xcconfig"; path = "Target Support Files/Pods-3m.8hw/Pods-3m.8hw.release.xcconfig"; sourceTree = "<group>"; };
		6031E42F89C817490548874E /* Pods_3m_8hw.framework */ = {isa = PBXFileReference; explicitFileType = wrapper.framework; includeInIndex = 0; path = Pods_3m_8hw.framework; sourceTree = BUILT_PRODUCTS_DIR; };
		7C9B94EB2A35897400DE247B /* 3m.8hw.app */ = {isa = PBXFileReference; explicitFileType = wrapper.application; includeInIndex = 0; path = 3m.8hw.app; sourceTree = BUILT_PRODUCTS_DIR; };
		7C9B94EE2A35897400DE247B /* AppDelegate.swift */ = {isa = PBXFileReference; lastKnownFileType = sourcecode.swift; path = AppDelegate.swift; sourceTree = "<group>"; };
		7C9B94F02A35897400DE247B /* SceneDelegate.swift */ = {isa = PBXFileReference; lastKnownFileType = sourcecode.swift; path = SceneDelegate.swift; sourceTree = "<group>"; };
		7C9B94F22A35897400DE247B /* ViewController.swift */ = {isa = PBXFileReference; lastKnownFileType = sourcecode.swift; path = ViewController.swift; sourceTree = "<group>"; };
		7C9B94F72A35897500DE247B /* Assets.xcassets */ = {isa = PBXFileReference; lastKnownFileType = folder.assetcatalog; path = Assets.xcassets; sourceTree = "<group>"; };
		7C9B94FA2A35897500DE247B /* Base */ = {isa = PBXFileReference; lastKnownFileType = file.storyboard; name = Base; path = Base.lproj/LaunchScreen.storyboard; sourceTree = "<group>"; };
		7C9B94FC2A35897500DE247B /* Info.plist */ = {isa = PBXFileReference; lastKnownFileType = text.plist.xml; path = Info.plist; sourceTree = "<group>"; };
		7C9B95022A358EB200DE247B /* menu.swift */ = {isa = PBXFileReference; lastKnownFileType = sourcecode.swift; path = menu.swift; sourceTree = "<group>"; };
		7C9B95042A358F3F00DE247B /* TableViewCell.swift */ = {isa = PBXFileReference; lastKnownFileType = sourcecode.swift; path = TableViewCell.swift; sourceTree = "<group>"; };
		7C9B95072A35901300DE247B /* AddViewController.swift */ = {isa = PBXFileReference; lastKnownFileType = sourcecode.swift; path = AddViewController.swift; sourceTree = "<group>"; };
		7C9B95092A35904800DE247B /* SearchViewController.swift */ = {isa = PBXFileReference; lastKnownFileType = sourcecode.swift; path = SearchViewController.swift; sourceTree = "<group>"; };
		D9C9201F8F0AAA1362D25CE2 /* Pods-3m.8hw.debug.xcconfig */ = {isa = PBXFileReference; includeInIndex = 1; lastKnownFileType = text.xcconfig; name = "Pods-3m.8hw.debug.xcconfig"; path = "Target Support Files/Pods-3m.8hw/Pods-3m.8hw.debug.xcconfig"; sourceTree = "<group>"; };
/* End PBXFileReference section */

/* Begin PBXFrameworksBuildPhase section */
		7C9B94E82A35897400DE247B /* Frameworks */ = {
			isa = PBXFrameworksBuildPhase;
			buildActionMask = 2147483647;
			files = (
				6D7349E2C52EBDAE3A7E3C24 /* Pods_3m_8hw.framework in Frameworks */,
			);
			runOnlyForDeploymentPostprocessing = 0;
		};
/* End PBXFrameworksBuildPhase section */

/* Begin PBXGroup section */
		4D7BB18BE5C053561DFA6D57 /* Frameworks */ = {
			isa = PBXGroup;
			children = (
				6031E42F89C817490548874E /* Pods_3m_8hw.framework */,
			);
			name = Frameworks;
			sourceTree = "<group>";
		};
		7C9B94E22A35897400DE247B = {
			isa = PBXGroup;
			children = (
				7C9B94ED2A35897400DE247B /* 3m.8hw */,
				7C9B94EC2A35897400DE247B /* Products */,
				8AEDBB6CA6162E75687408A1 /* Pods */,
				4D7BB18BE5C053561DFA6D57 /* Frameworks */,
			);
			sourceTree = "<group>";
		};
		7C9B94EC2A35897400DE247B /* Products */ = {
			isa = PBXGroup;
			children = (
				7C9B94EB2A35897400DE247B /* 3m.8hw.app */,
			);
			name = Products;
			sourceTree = "<group>";
		};
		7C9B94ED2A35897400DE247B /* 3m.8hw */ = {
			isa = PBXGroup;
			children = (
				7C9B94EE2A35897400DE247B /* AppDelegate.swift */,
				7C9B94F02A35897400DE247B /* SceneDelegate.swift */,
				7C9B95042A358F3F00DE247B /* TableViewCell.swift */,
				7C9B95022A358EB200DE247B /* menu.swift */,
				7C9B94F72A35897500DE247B /* Assets.xcassets */,
				7C9B94F92A35897500DE247B /* LaunchScreen.storyboard */,
				7C9B94FC2A35897500DE247B /* Info.plist */,
				7C9B95062A358F7600DE247B /* controllers */,
			);
			path = 3m.8hw;
			sourceTree = "<group>";
		};
		7C9B95062A358F7600DE247B /* controllers */ = {
			isa = PBXGroup;
			children = (
				7C9B94F22A35897400DE247B /* ViewController.swift */,
				7C9B95072A35901300DE247B /* AddViewController.swift */,
				7C9B95092A35904800DE247B /* SearchViewController.swift */,
			);
			path = controllers;
			sourceTree = "<group>";
		};
		8AEDBB6CA6162E75687408A1 /* Pods */ = {
			isa = PBXGroup;
			children = (
				D9C9201F8F0AAA1362D25CE2 /* Pods-3m.8hw.debug.xcconfig */,
				5358476989C6A6D8914F6604 /* Pods-3m.8hw.release.xcconfig */,
			);
			path = Pods;
			sourceTree = "<group>";
		};
/* End PBXGroup section */

/* Begin PBXNativeTarget section */
		7C9B94EA2A35897400DE247B /* 3m.8hw */ = {
			isa = PBXNativeTarget;
			buildConfigurationList = 7C9B94FF2A35897500DE247B /* Build configuration list for PBXNativeTarget "3m.8hw" */;
			buildPhases = (
				3344E55699A2B847B4ED6EC1 /* [CP] Check Pods Manifest.lock */,
				7C9B94E72A35897400DE247B /* Sources */,
				7C9B94E82A35897400DE247B /* Frameworks */,
				7C9B94E92A35897400DE247B /* Resources */,
				3108490E2B98B6FBCD75136C /* [CP] Embed Pods Frameworks */,
			);
			buildRules = (
			);
			dependencies = (
			);
			name = 3m.8hw;
			productName = 3m.8hw;
			productReference = 7C9B94EB2A35897400DE247B /* 3m.8hw.app */;
			productType = "com.apple.product-type.application";
		};
/* End PBXNativeTarget section */

/* Begin PBXProject section */
		7C9B94E32A35897400DE247B /* Project object */ = {
			isa = PBXProject;
			attributes = {
				BuildIndependentTargetsInParallel = 1;
				LastSwiftUpdateCheck = 1430;
				LastUpgradeCheck = 1430;
				TargetAttributes = {
					7C9B94EA2A35897400DE247B = {
						CreatedOnToolsVersion = 14.3.1;
					};
				};
			};
			buildConfigurationList = 7C9B94E62A35897400DE247B /* Build configuration list for PBXProject "3m.8hw" */;
			compatibilityVersion = "Xcode 14.0";
			developmentRegion = en;
			hasScannedForEncodings = 0;
			knownRegions = (
				en,
				Base,
			);
			mainGroup = 7C9B94E22A35897400DE247B;
			productRefGroup = 7C9B94EC2A35897400DE247B /* Products */;
			projectDirPath = "";
			projectRoot = "";
			targets = (
				7C9B94EA2A35897400DE247B /* 3m.8hw */,
			);
		};
/* End PBXProject section */

/* Begin PBXResourcesBuildPhase section */
		7C9B94E92A35897400DE247B /* Resources */ = {
			isa = PBXResourcesBuildPhase;
			buildActionMask = 2147483647;
			files = (
				7C9B94FB2A35897500DE247B /* LaunchScreen.storyboard in Resources */,
				7C9B94F82A35897500DE247B /* Assets.xcassets in Resources */,
			);
			runOnlyForDeploymentPostprocessing = 0;
		};
/* End PBXResourcesBuildPhase section */

/* Begin PBXShellScriptBuildPhase section */
		3108490E2B98B6FBCD75136C /* [CP] Embed Pods Frameworks */ = {
			isa = PBXShellScriptBuildPhase;
			buildActionMask = 2147483647;
			files = (
			);
			inputFileListPaths = (
				"${PODS_ROOT}/Target Support Files/Pods-3m.8hw/Pods-3m.8hw-frameworks-${CONFIGURATION}-input-files.xcfilelist",
			);
			name = "[CP] Embed Pods Frameworks";
			outputFileListPaths = (
				"${PODS_ROOT}/Target Support Files/Pods-3m.8hw/Pods-3m.8hw-frameworks-${CONFIGURATION}-output-files.xcfilelist",
			);
			runOnlyForDeploymentPostprocessing = 0;
			shellPath = /bin/sh;
			shellScript = "\"${PODS_ROOT}/Target Support Files/Pods-3m.8hw/Pods-3m.8hw-frameworks.sh\"\n";
			showEnvVarsInLog = 0;
		};
		3344E55699A2B847B4ED6EC1 /* [CP] Check Pods Manifest.lock */ = {
			isa = PBXShellScriptBuildPhase;
			buildActionMask = 2147483647;
			files = (
			);
			inputFileListPaths = (
			);
			inputPaths = (
				"${PODS_PODFILE_DIR_PATH}/Podfile.lock",
				"${PODS_ROOT}/Manifest.lock",
			);
			name = "[CP] Check Pods Manifest.lock";
			outputFileListPaths = (
			);
			outputPaths = (
				"$(DERIVED_FILE_DIR)/Pods-3m.8hw-checkManifestLockResult.txt",
			);
			runOnlyForDeploymentPostprocessing = 0;
			shellPath = /bin/sh;
			shellScript = "diff \"${PODS_PODFILE_DIR_PATH}/Podfile.lock\" \"${PODS_ROOT}/Manifest.lock\" > /dev/null\nif [ $? != 0 ] ; then\n    # print error to STDERR\n    echo \"error: The sandbox is not in sync with the Podfile.lock. Run 'pod install' or update your CocoaPods installation.\" >&2\n    exit 1\nfi\n# This output is used by Xcode 'outputs' to avoid re-running this script phase.\necho \"SUCCESS\" > \"${SCRIPT_OUTPUT_FILE_0}\"\n";
			showEnvVarsInLog = 0;
		};
/* End PBXShellScriptBuildPhase section */

/* Begin PBXSourcesBuildPhase section */
		7C9B94E72A35897400DE247B /* Sources */ = {
			isa = PBXSourcesBuildPhase;
			buildActionMask = 2147483647;
			files = (
				7C9B95052A358F3F00DE247B /* TableViewCell.swift in Sources */,
				7C9B950A2A35904800DE247B /* SearchViewController.swift in Sources */,
				7C9B94F32A35897400DE247B /* ViewController.swift in Sources */,
				7C9B95082A35901300DE247B /* AddViewController.swift in Sources */,
				7C9B94EF2A35897400DE247B /* AppDelegate.swift in Sources */,
				7C9B95032A358EB200DE247B /* menu.swift in Sources */,
				7C9B94F12A35897400DE247B /* SceneDelegate.swift in Sources */,
			);
			runOnlyForDeploymentPostprocessing = 0;
		};
/* End PBXSourcesBuildPhase section */

/* Begin PBXVariantGroup section */
		7C9B94F92A35897500DE247B /* LaunchScreen.storyboard */ = {
			isa = PBXVariantGroup;
			children = (
				7C9B94FA2A35897500DE247B /* Base */,
			);
			name = LaunchScreen.storyboard;
			sourceTree = "<group>";
		};
/* End PBXVariantGroup section */

/* Begin XCBuildConfiguration section */
		7C9B94FD2A35897500DE247B /* Debug */ = {
			isa = XCBuildConfiguration;
			buildSettings = {
				ALWAYS_SEARCH_USER_PATHS = NO;
				CLANG_ANALYZER_NONNULL = YES;
				CLANG_ANALYZER_NUMBER_OBJECT_CONVERSION = YES_AGGRESSIVE;
				CLANG_CXX_LANGUAGE_STANDARD = "gnu++20";
				CLANG_ENABLE_MODULES = YES;
				CLANG_ENABLE_OBJC_ARC = YES;
				CLANG_ENABLE_OBJC_WEAK = YES;
				CLANG_WARN_BLOCK_CAPTURE_AUTORELEASING = YES;
				CLANG_WARN_BOOL_CONVERSION = YES;
				CLANG_WARN_COMMA = YES;
				CLANG_WARN_CONSTANT_CONVERSION = YES;
				CLANG_WARN_DEPRECATED_OBJC_IMPLEMENTATIONS = YES;
				CLANG_WARN_DIRECT_OBJC_ISA_USAGE = YES_ERROR;
				CLANG_WARN_DOCUMENTATION_COMMENTS = YES;
				CLANG_WARN_EMPTY_BODY = YES;
				CLANG_WARN_ENUM_CONVERSION = YES;
				CLANG_WARN_INFINITE_RECURSION = YES;
				CLANG_WARN_INT_CONVERSION = YES;
				CLANG_WARN_NON_LITERAL_NULL_CONVERSION = YES;
				CLANG_WARN_OBJC_IMPLICIT_RETAIN_SELF = YES;
				CLANG_WARN_OBJC_LITERAL_CONVERSION = YES;
				CLANG_WARN_OBJC_ROOT_CLASS = YES_ERROR;
				CLANG_WARN_QUOTED_INCLUDE_IN_FRAMEWORK_HEADER = YES;
				CLANG_WARN_RANGE_LOOP_ANALYSIS = YES;
				CLANG_WARN_STRICT_PROTOTYPES = YES;
				CLANG_WARN_SUSPICIOUS_MOVE = YES;
				CLANG_WARN_UNGUARDED_AVAILABILITY = YES_AGGRESSIVE;
				CLANG_WARN_UNREACHABLE_CODE = YES;
				CLANG_WARN__DUPLICATE_METHOD_MATCH = YES;
				COPY_PHASE_STRIP = NO;
				DEBUG_INFORMATION_FORMAT = dwarf;
				ENABLE_STRICT_OBJC_MSGSEND = YES;
				ENABLE_TESTABILITY = YES;
				GCC_C_LANGUAGE_STANDARD = gnu11;
				GCC_DYNAMIC_NO_PIC = NO;
				GCC_NO_COMMON_BLOCKS = YES;
				GCC_OPTIMIZATION_LEVEL = 0;
				GCC_PREPROCESSOR_DEFINITIONS = (
					"DEBUG=1",
					"$(inherited)",
				);
				GCC_WARN_64_TO_32_BIT_CONVERSION = YES;
				GCC_WARN_ABOUT_RETURN_TYPE = YES_ERROR;
				GCC_WARN_UNDECLARED_SELECTOR = YES;
				GCC_WARN_UNINITIALIZED_AUTOS = YES_AGGRESSIVE;
				GCC_WARN_UNUSED_FUNCTION = YES;
				GCC_WARN_UNUSED_VARIABLE = YES;
				IPHONEOS_DEPLOYMENT_TARGET = 16.4;
				MTL_ENABLE_DEBUG_INFO = INCLUDE_SOURCE;
				MTL_FAST_MATH = YES;
				ONLY_ACTIVE_ARCH = YES;
				SDKROOT = iphoneos;
				SWIFT_ACTIVE_COMPILATION_CONDITIONS = DEBUG;
				SWIFT_OPTIMIZATION_LEVEL = "-Onone";
			};
			name = Debug;
		};
		7C9B94FE2A35897500DE247B /* Release */ = {
			isa = XCBuildConfiguration;
			buildSettings = {
				ALWAYS_SEARCH_USER_PATHS = NO;
				CLANG_ANALYZER_NONNULL = YES;
				CLANG_ANALYZER_NUMBER_OBJECT_CONVERSION = YES_AGGRESSIVE;
				CLANG_CXX_LANGUAGE_STANDARD = "gnu++20";
				CLANG_ENABLE_MODULES = YES;
				CLANG_ENABLE_OBJC_ARC = YES;
				CLANG_ENABLE_OBJC_WEAK = YES;
				CLANG_WARN_BLOCK_CAPTURE_AUTORELEASING = YES;
				CLANG_WARN_BOOL_CONVERSION = YES;
				CLANG_WARN_COMMA = YES;
				CLANG_WARN_CONSTANT_CONVERSION = YES;
				CLANG_WARN_DEPRECATED_OBJC_IMPLEMENTATIONS = YES;
				CLANG_WARN_DIRECT_OBJC_ISA_USAGE = YES_ERROR;
				CLANG_WARN_DOCUMENTATION_COMMENTS = YES;
				CLANG_WARN_EMPTY_BODY = YES;
				CLANG_WARN_ENUM_CONVERSION = YES;
				CLANG_WARN_INFINITE_RECURSION = YES;
				CLANG_WARN_INT_CONVERSION = YES;
				CLANG_WARN_NON_LITERAL_NULL_CONVERSION = YES;
				CLANG_WARN_OBJC_IMPLICIT_RETAIN_SELF = YES;
				CLANG_WARN_OBJC_LITERAL_CONVERSION = YES;
				CLANG_WARN_OBJC_ROOT_CLASS = YES_ERROR;
				CLANG_WARN_QUOTED_INCLUDE_IN_FRAMEWORK_HEADER = YES;
				CLANG_WARN_RANGE_LOOP_ANALYSIS = YES;
				CLANG_WARN_STRICT_PROTOTYPES = YES;
				CLANG_WARN_SUSPICIOUS_MOVE = YES;
				CLANG_WARN_UNGUARDED_AVAILABILITY = YES_AGGRESSIVE;
				CLANG_WARN_UNREACHABLE_CODE = YES;
				CLANG_WARN__DUPLICATE_METHOD_MATCH = YES;
				COPY_PHASE_STRIP = NO;
				DEBUG_INFORMATION_FORMAT = "dwarf-with-dsym";
				ENABLE_NS_ASSERTIONS = NO;
				ENABLE_STRICT_OBJC_MSGSEND = YES;
				GCC_C_LANGUAGE_STANDARD = gnu11;
				GCC_NO_COMMON_BLOCKS = YES;
				GCC_WARN_64_TO_32_BIT_CONVERSION = YES;
				GCC_WARN_ABOUT_RETURN_TYPE = YES_ERROR;
				GCC_WARN_UNDECLARED_SELECTOR = YES;
				GCC_WARN_UNINITIALIZED_AUTOS = YES_AGGRESSIVE;
				GCC_WARN_UNUSED_FUNCTION = YES;
				GCC_WARN_UNUSED_VARIABLE = YES;
				IPHONEOS_DEPLOYMENT_TARGET = 16.4;
				MTL_ENABLE_DEBUG_INFO = NO;
				MTL_FAST_MATH = YES;
				SDKROOT = iphoneos;
				SWIFT_COMPILATION_MODE = wholemodule;
				SWIFT_OPTIMIZATION_LEVEL = "-O";
				VALIDATE_PRODUCT = YES;
			};
			name = Release;
		};
		7C9B95002A35897500DE247B /* Debug */ = {
			isa = XCBuildConfiguration;
			baseConfigurationReference = D9C9201F8F0AAA1362D25CE2 /* Pods-3m.8hw.debug.xcconfig */;
			buildSettings = {
				ASSETCATALOG_COMPILER_APPICON_NAME = AppIcon;
				ASSETCATALOG_COMPILER_GLOBAL_ACCENT_COLOR_NAME = AccentColor;
				CODE_SIGN_STYLE = Automatic;
				CURRENT_PROJECT_VERSION = 1;
				GENERATE_INFOPLIST_FILE = YES;
				INFOPLIST_FILE = 3m.8hw/Info.plist;
				INFOPLIST_KEY_UIApplicationSupportsIndirectInputEvents = YES;
				INFOPLIST_KEY_UILaunchStoryboardName = LaunchScreen;
				INFOPLIST_KEY_UISupportedInterfaceOrientations_iPad = "UIInterfaceOrientationPortrait UIInterfaceOrientationPortraitUpsideDown UIInterfaceOrientationLandscapeLeft UIInterfaceOrientationLandscapeRight";
				INFOPLIST_KEY_UISupportedInterfaceOrientations_iPhone = "UIInterfaceOrientationPortrait UIInterfaceOrientationLandscapeLeft UIInterfaceOrientationLandscapeRight";
				LD_RUNPATH_SEARCH_PATHS = (
					"$(inherited)",
					"@executable_path/Frameworks",
				);
				MARKETING_VERSION = 1.0;
				PRODUCT_BUNDLE_IDENTIFIER = "meerim.-m-8hw";
				PRODUCT_NAME = "$(TARGET_NAME)";
				SWIFT_EMIT_LOC_STRINGS = YES;
				SWIFT_VERSION = 5.0;
				TARGETED_DEVICE_FAMILY = "1,2";
			};
			name = Debug;
		};
		7C9B95012A35897500DE247B /* Release */ = {
			isa = XCBuildConfiguration;
			baseConfigurationReference = 5358476989C6A6D8914F6604 /* Pods-3m.8hw.release.xcconfig */;
			buildSettings = {
				ASSETCATALOG_COMPILER_APPICON_NAME = AppIcon;
				ASSETCATALOG_COMPILER_GLOBAL_ACCENT_COLOR_NAME = AccentColor;
				CODE_SIGN_STYLE = Automatic;
				CURRENT_PROJECT_VERSION = 1;
				GENERATE_INFOPLIST_FILE = YES;
				INFOPLIST_FILE = 3m.8hw/Info.plist;
				INFOPLIST_KEY_UIApplicationSupportsIndirectInputEvents = YES;
				INFOPLIST_KEY_UILaunchStoryboardName = LaunchScreen;
				INFOPLIST_KEY_UISupportedInterfaceOrientations_iPad = "UIInterfaceOrientationPortrait UIInterfaceOrientationPortraitUpsideDown UIInterfaceOrientationLandscapeLeft UIInterfaceOrientationLandscapeRight";
				INFOPLIST_KEY_UISupportedInterfaceOrientations_iPhone = "UIInterfaceOrientationPortrait UIInterfaceOrientationLandscapeLeft UIInterfaceOrientationLandscapeRight";
				LD_RUNPATH_SEARCH_PATHS = (
					"$(inherited)",
					"@executable_path/Frameworks",
				);
				MARKETING_VERSION = 1.0;
				PRODUCT_BUNDLE_IDENTIFIER = "meerim.-m-8hw";
				PRODUCT_NAME = "$(TARGET_NAME)";
				SWIFT_EMIT_LOC_STRINGS = YES;
				SWIFT_VERSION = 5.0;
				TARGETED_DEVICE_FAMILY = "1,2";
			};
			name = Release;
		};
/* End XCBuildConfiguration section */

/* Begin XCConfigurationList section */
		7C9B94E62A35897400DE247B /* Build configuration list for PBXProject "3m.8hw" */ = {
			isa = XCConfigurationList;
			buildConfigurations = (
				7C9B94FD2A35897500DE247B /* Debug */,
				7C9B94FE2A35897500DE247B /* Release */,
			);
			defaultConfigurationIsVisible = 0;
			defaultConfigurationName = Release;
		};
		7C9B94FF2A35897500DE247B /* Build configuration list for PBXNativeTarget "3m.8hw" */ = {
			isa = XCConfigurationList;
			buildConfigurations = (
				7C9B95002A35897500DE247B /* Debug */,
				7C9B95012A35897500DE247B /* Release */,
			);
			defaultConfigurationIsVisible = 0;
			defaultConfigurationName = Release;
		};
/* End XCConfigurationList section */
	};
	rootObject = 7C9B94E32A35897400DE247B /* Project object */;
}
